// !$*UTF8*$!
{
	archiveVersion = 1;
	classes = {
	};
	objectVersion = 46;
	objects = {

/* Begin PBXBuildFile section */
		1D3623260D0F684500981E51 /* SQLCipherSpeedAppDelegate.m in Sources */ = {isa = PBXBuildFile; fileRef = 1D3623250D0F684500981E51 /* SQLCipherSpeedAppDelegate.m */; };
		1D60589B0D05DD56006BFB54 /* main.m in Sources */ = {isa = PBXBuildFile; fileRef = 29B97316FDCFA39411CA2CEA /* main.m */; };
		1D60589F0D05DD5A006BFB54 /* Foundation.framework in Frameworks */ = {isa = PBXBuildFile; fileRef = 1D30AB110D05D00D00671497 /* Foundation.framework */; };
		1DF5F4E00D08C38300B7A737 /* UIKit.framework in Frameworks */ = {isa = PBXBuildFile; fileRef = 1DF5F4DF0D08C38300B7A737 /* UIKit.framework */; };
		2892E4100DC94CBA00A64D0F /* CoreGraphics.framework in Frameworks */ = {isa = PBXBuildFile; fileRef = 2892E40F0DC94CBA00A64D0F /* CoreGraphics.framework */; };
		2899E5600DE3E45000AC0155 /* ResultViewController.xib in Resources */ = {isa = PBXBuildFile; fileRef = 2899E55F0DE3E45000AC0155 /* ResultViewController.xib */; };
		28AD73600D9D9599002E5188 /* MainWindow.xib in Resources */ = {isa = PBXBuildFile; fileRef = 28AD735F0D9D9599002E5188 /* MainWindow.xib */; };
		28C286E10D94DF7D0034E888 /* ResultViewController.m in Sources */ = {isa = PBXBuildFile; fileRef = 28C286E00D94DF7D0034E888 /* ResultViewController.m */; };
		9032F1750FD22EEF001C16BA /* ProgressViewController.xib in Resources */ = {isa = PBXBuildFile; fileRef = 9032F1740FD22EEF001C16BA /* ProgressViewController.xib */; };
		9032F17A0FD22F95001C16BA /* ProgressViewController.m in Sources */ = {isa = PBXBuildFile; fileRef = 9032F1790FD22F95001C16BA /* ProgressViewController.m */; };
		9032F2380FD2378A001C16BA /* TestDefinitions.m in Sources */ = {isa = PBXBuildFile; fileRef = 9032F2370FD2378A001C16BA /* TestDefinitions.m */; };
		9032F45C0FD2DB0F001C16BA /* IteratedSqlTest.m in Sources */ = {isa = PBXBuildFile; fileRef = 9032F45B0FD2DB0F001C16BA /* IteratedSqlTest.m */; };
		90334B5B0FD0FC2000155FDE /* SqlTest.m in Sources */ = {isa = PBXBuildFile; fileRef = 90334B5A0FD0FC2000155FDE /* SqlTest.m */; };
		90334C3F0FD1684B00155FDE /* TestResultCell.m in Sources */ = {isa = PBXBuildFile; fileRef = 90334C3E0FD1684A00155FDE /* TestResultCell.m */; };
		90334C420FD16A0600155FDE /* TestResultCell.xib in Resources */ = {isa = PBXBuildFile; fileRef = 90334C410FD16A0600155FDE /* TestResultCell.xib */; };
		905CD66F130F05CD00E81E38 /* LogicTest.m in Sources */ = {isa = PBXBuildFile; fileRef = 905CD66E130F05CD00E81E38 /* LogicTest.m */; };
		90B7A4BD14CFCB51008134E8 /* libsqlcipher.a in Frameworks */ = {isa = PBXBuildFile; fileRef = 90B7A4BB14CFC8DD008134E8 /* libsqlcipher.a */; };
		90C9AFF11326A1D100693CC5 /* libcrypto.a in Frameworks */ = {isa = PBXBuildFile; fileRef = 90C9AFEF1326A1B400693CC5 /* libcrypto.a */; };
		90C9AFF21326A1D800693CC5 /* libcrypto.a in Frameworks */ = {isa = PBXBuildFile; fileRef = 90C9AFEF1326A1B400693CC5 /* libcrypto.a */; };
/* End PBXBuildFile section */

/* Begin PBXContainerItemProxy section */
		90B7A4BA14CFC8DD008134E8 /* PBXContainerItemProxy */ = {
			isa = PBXContainerItemProxy;
			containerPortal = 90C0F6DC0FD42676002B1F84 /* sqlcipher.xcodeproj */;
			proxyType = 2;
			remoteGlobalIDString = D2AAC046055464E500DB518D;
			remoteInfo = sqlcipher;
		};
		90C9AFEE1326A1B400693CC5 /* PBXContainerItemProxy */ = {
			isa = PBXContainerItemProxy;
			containerPortal = 90C9AFE71326A1B400693CC5 /* openssl.xcodeproj */;
			proxyType = 2;
			remoteGlobalIDString = 9069D28C0FCE659A0042E34C;
			remoteInfo = crypto;
		};
		90C9AFF31326A1F400693CC5 /* PBXContainerItemProxy */ = {
			isa = PBXContainerItemProxy;
			containerPortal = 90C9AFE71326A1B400693CC5 /* openssl.xcodeproj */;
			proxyType = 1;
			remoteGlobalIDString = 9069D28B0FCE659A0042E34C;
			remoteInfo = crypto;
		};
		90C9AFF51326A20200693CC5 /* PBXContainerItemProxy */ = {
			isa = PBXContainerItemProxy;
			containerPortal = 90C9AFE71326A1B400693CC5 /* openssl.xcodeproj */;
			proxyType = 1;
			remoteGlobalIDString = 9069D28B0FCE659A0042E34C;
			remoteInfo = crypto;
		};
/* End PBXContainerItemProxy section */

/* Begin PBXFileReference section */
		1D30AB110D05D00D00671497 /* Foundation.framework */ = {isa = PBXFileReference; lastKnownFileType = wrapper.framework; name = Foundation.framework; path = System/Library/Frameworks/Foundation.framework; sourceTree = SDKROOT; };
		1D3623240D0F684500981E51 /* SQLCipherSpeedAppDelegate.h */ = {isa = PBXFileReference; fileEncoding = 4; lastKnownFileType = sourcecode.c.h; path = SQLCipherSpeedAppDelegate.h; sourceTree = "<group>"; };
		1D3623250D0F684500981E51 /* SQLCipherSpeedAppDelegate.m */ = {isa = PBXFileReference; fileEncoding = 4; lastKnownFileType = sourcecode.c.objc; path = SQLCipherSpeedAppDelegate.m; sourceTree = "<group>"; };
		1D6058910D05DD3D006BFB54 /* SQLCipherSpeed.app */ = {isa = PBXFileReference; explicitFileType = wrapper.application; includeInIndex = 0; path = SQLCipherSpeed.app; sourceTree = BUILT_PRODUCTS_DIR; };
		1DF5F4DF0D08C38300B7A737 /* UIKit.framework */ = {isa = PBXFileReference; lastKnownFileType = wrapper.framework; name = UIKit.framework; path = System/Library/Frameworks/UIKit.framework; sourceTree = SDKROOT; };
		2892E40F0DC94CBA00A64D0F /* CoreGraphics.framework */ = {isa = PBXFileReference; lastKnownFileType = wrapper.framework; name = CoreGraphics.framework; path = System/Library/Frameworks/CoreGraphics.framework; sourceTree = SDKROOT; };
		2899E55F0DE3E45000AC0155 /* ResultViewController.xib */ = {isa = PBXFileReference; lastKnownFileType = file.xib; path = ResultViewController.xib; sourceTree = "<group>"; };
		28A0AAE50D9B0CCF005BE974 /* SQLCipherSpeed_Prefix.pch */ = {isa = PBXFileReference; fileEncoding = 4; lastKnownFileType = sourcecode.c.h; path = SQLCipherSpeed_Prefix.pch; sourceTree = "<group>"; };
		28AD735F0D9D9599002E5188 /* MainWindow.xib */ = {isa = PBXFileReference; lastKnownFileType = file.xib; path = MainWindow.xib; sourceTree = "<group>"; };
		28C286DF0D94DF7D0034E888 /* ResultViewController.h */ = {isa = PBXFileReference; fileEncoding = 4; lastKnownFileType = sourcecode.c.h; path = ResultViewController.h; sourceTree = "<group>"; };
		28C286E00D94DF7D0034E888 /* ResultViewController.m */ = {isa = PBXFileReference; fileEncoding = 4; lastKnownFileType = sourcecode.c.objc; path = ResultViewController.m; sourceTree = "<group>"; };
		29B97316FDCFA39411CA2CEA /* main.m */ = {isa = PBXFileReference; fileEncoding = 4; lastKnownFileType = sourcecode.c.objc; path = main.m; sourceTree = "<group>"; };
		8D1107310486CEB800E47090 /* Info.plist */ = {isa = PBXFileReference; fileEncoding = 4; lastKnownFileType = text.plist.xml; path = Info.plist; sourceTree = "<group>"; };
		9032F1740FD22EEF001C16BA /* ProgressViewController.xib */ = {isa = PBXFileReference; lastKnownFileType = file.xib; path = ProgressViewController.xib; sourceTree = "<group>"; };
		9032F1780FD22F95001C16BA /* ProgressViewController.h */ = {isa = PBXFileReference; fileEncoding = 4; lastKnownFileType = sourcecode.c.h; path = ProgressViewController.h; sourceTree = "<group>"; };
		9032F1790FD22F95001C16BA /* ProgressViewController.m */ = {isa = PBXFileReference; fileEncoding = 4; lastKnownFileType = sourcecode.c.objc; path = ProgressViewController.m; sourceTree = "<group>"; };
		9032F2360FD2378A001C16BA /* TestDefinitions.h */ = {isa = PBXFileReference; fileEncoding = 4; lastKnownFileType = sourcecode.c.h; path = TestDefinitions.h; sourceTree = "<group>"; };
		9032F2370FD2378A001C16BA /* TestDefinitions.m */ = {isa = PBXFileReference; fileEncoding = 4; lastKnownFileType = sourcecode.c.objc; path = TestDefinitions.m; sourceTree = "<group>"; };
		9032F45A0FD2DB0F001C16BA /* IteratedSqlTest.h */ = {isa = PBXFileReference; fileEncoding = 4; lastKnownFileType = sourcecode.c.h; path = IteratedSqlTest.h; sourceTree = "<group>"; };
		9032F45B0FD2DB0F001C16BA /* IteratedSqlTest.m */ = {isa = PBXFileReference; fileEncoding = 4; lastKnownFileType = sourcecode.c.objc; path = IteratedSqlTest.m; sourceTree = "<group>"; };
		90334B590FD0FC2000155FDE /* SqlTest.h */ = {isa = PBXFileReference; fileEncoding = 4; lastKnownFileType = sourcecode.c.h; path = SqlTest.h; sourceTree = "<group>"; };
		90334B5A0FD0FC2000155FDE /* SqlTest.m */ = {isa = PBXFileReference; fileEncoding = 4; lastKnownFileType = sourcecode.c.objc; path = SqlTest.m; sourceTree = "<group>"; };
		90334C3D0FD1684A00155FDE /* TestResultCell.h */ = {isa = PBXFileReference; fileEncoding = 4; lastKnownFileType = sourcecode.c.h; path = TestResultCell.h; sourceTree = "<group>"; };
		90334C3E0FD1684A00155FDE /* TestResultCell.m */ = {isa = PBXFileReference; fileEncoding = 4; lastKnownFileType = sourcecode.c.objc; path = TestResultCell.m; sourceTree = "<group>"; };
		90334C410FD16A0600155FDE /* TestResultCell.xib */ = {isa = PBXFileReference; lastKnownFileType = file.xib; path = TestResultCell.xib; sourceTree = "<group>"; };
		905CD64D130F03CB00E81E38 /* Tests.octest */ = {isa = PBXFileReference; explicitFileType = wrapper.cfbundle; includeInIndex = 0; path = Tests.octest; sourceTree = BUILT_PRODUCTS_DIR; };
		905CD64E130F03CB00E81E38 /* Tests-Info.plist */ = {isa = PBXFileReference; lastKnownFileType = text.plist.xml; path = "Tests-Info.plist"; sourceTree = "<group>"; };
		905CD66E130F05CD00E81E38 /* LogicTest.m */ = {isa = PBXFileReference; fileEncoding = 4; lastKnownFileType = sourcecode.c.objc; path = LogicTest.m; sourceTree = "<group>"; };
		90C0F6DC0FD42676002B1F84 /* sqlcipher.xcodeproj */ = {isa = PBXFileReference; lastKnownFileType = "wrapper.pb-project"; name = sqlcipher.xcodeproj; path = sqlcipher/sqlcipher.xcodeproj; sourceTree = SOURCE_ROOT; };
		90C9AFE71326A1B400693CC5 /* openssl.xcodeproj */ = {isa = PBXFileReference; lastKnownFileType = "wrapper.pb-project"; name = openssl.xcodeproj; path = "../openssl-xcode/openssl.xcodeproj"; sourceTree = SOURCE_ROOT; };
/* End PBXFileReference section */

/* Begin PBXFrameworksBuildPhase section */
		1D60588F0D05DD3D006BFB54 /* Frameworks */ = {
			isa = PBXFrameworksBuildPhase;
			buildActionMask = 2147483647;
			files = (
				90B7A4BD14CFCB51008134E8 /* libsqlcipher.a in Frameworks */,
				90C9AFF11326A1D100693CC5 /* libcrypto.a in Frameworks */,
				1D60589F0D05DD5A006BFB54 /* Foundation.framework in Frameworks */,
				1DF5F4E00D08C38300B7A737 /* UIKit.framework in Frameworks */,
				2892E4100DC94CBA00A64D0F /* CoreGraphics.framework in Frameworks */,
			);
			runOnlyForDeploymentPostprocessing = 0;
		};
		905CD64A130F03CB00E81E38 /* Frameworks */ = {
			isa = PBXFrameworksBuildPhase;
			buildActionMask = 2147483647;
			files = (
				90C9AFF21326A1D800693CC5 /* libcrypto.a in Frameworks */,
			);
			runOnlyForDeploymentPostprocessing = 0;
		};
/* End PBXFrameworksBuildPhase section */

/* Begin PBXGroup section */
		080E96DDFE201D6D7F000001 /* Classes */ = {
			isa = PBXGroup;
			children = (
				28C286DF0D94DF7D0034E888 /* ResultViewController.h */,
				28C286E00D94DF7D0034E888 /* ResultViewController.m */,
				1D3623240D0F684500981E51 /* SQLCipherSpeedAppDelegate.h */,
				1D3623250D0F684500981E51 /* SQLCipherSpeedAppDelegate.m */,
				90334B590FD0FC2000155FDE /* SqlTest.h */,
				90334B5A0FD0FC2000155FDE /* SqlTest.m */,
				90334C3D0FD1684A00155FDE /* TestResultCell.h */,
				90334C3E0FD1684A00155FDE /* TestResultCell.m */,
				9032F1780FD22F95001C16BA /* ProgressViewController.h */,
				9032F1790FD22F95001C16BA /* ProgressViewController.m */,
				9032F2360FD2378A001C16BA /* TestDefinitions.h */,
				9032F2370FD2378A001C16BA /* TestDefinitions.m */,
				9032F45A0FD2DB0F001C16BA /* IteratedSqlTest.h */,
				9032F45B0FD2DB0F001C16BA /* IteratedSqlTest.m */,
				905CD66E130F05CD00E81E38 /* LogicTest.m */,
			);
			path = Classes;
			sourceTree = "<group>";
		};
		19C28FACFE9D520D11CA2CBB /* Products */ = {
			isa = PBXGroup;
			children = (
				1D6058910D05DD3D006BFB54 /* SQLCipherSpeed.app */,
				905CD64D130F03CB00E81E38 /* Tests.octest */,
			);
			name = Products;
			sourceTree = "<group>";
		};
		29B97314FDCFA39411CA2CEA /* CustomTemplate */ = {
			isa = PBXGroup;
			children = (
				90C9AFE71326A1B400693CC5 /* openssl.xcodeproj */,
				90C0F6DC0FD42676002B1F84 /* sqlcipher.xcodeproj */,
				080E96DDFE201D6D7F000001 /* Classes */,
				29B97315FDCFA39411CA2CEA /* Other Sources */,
				29B97317FDCFA39411CA2CEA /* Resources */,
				29B97323FDCFA39411CA2CEA /* Frameworks */,
				19C28FACFE9D520D11CA2CBB /* Products */,
				905CD64E130F03CB00E81E38 /* Tests-Info.plist */,
			);
			name = CustomTemplate;
			sourceTree = "<group>";
		};
		29B97315FDCFA39411CA2CEA /* Other Sources */ = {
			isa = PBXGroup;
			children = (
				28A0AAE50D9B0CCF005BE974 /* SQLCipherSpeed_Prefix.pch */,
				29B97316FDCFA39411CA2CEA /* main.m */,
			);
			name = "Other Sources";
			sourceTree = "<group>";
		};
		29B97317FDCFA39411CA2CEA /* Resources */ = {
			isa = PBXGroup;
			children = (
				2899E55F0DE3E45000AC0155 /* ResultViewController.xib */,
				28AD735F0D9D9599002E5188 /* MainWindow.xib */,
				8D1107310486CEB800E47090 /* Info.plist */,
				90334C410FD16A0600155FDE /* TestResultCell.xib */,
				9032F1740FD22EEF001C16BA /* ProgressViewController.xib */,
			);
			name = Resources;
			sourceTree = "<group>";
		};
		29B97323FDCFA39411CA2CEA /* Frameworks */ = {
			isa = PBXGroup;
			children = (
				1DF5F4DF0D08C38300B7A737 /* UIKit.framework */,
				1D30AB110D05D00D00671497 /* Foundation.framework */,
				2892E40F0DC94CBA00A64D0F /* CoreGraphics.framework */,
			);
			name = Frameworks;
			sourceTree = "<group>";
		};
		90B7A4B614CFC8DD008134E8 /* Products */ = {
			isa = PBXGroup;
			children = (
				90B7A4BB14CFC8DD008134E8 /* libsqlcipher.a */,
			);
			name = Products;
			sourceTree = "<group>";
		};
		90C9AFE81326A1B400693CC5 /* Products */ = {
			isa = PBXGroup;
			children = (
				90C9AFEF1326A1B400693CC5 /* libcrypto.a */,
			);
			name = Products;
			sourceTree = "<group>";
		};
/* End PBXGroup section */

/* Begin PBXNativeTarget section */
		1D6058900D05DD3D006BFB54 /* SQLCipherSpeed */ = {
			isa = PBXNativeTarget;
			buildConfigurationList = 1D6058960D05DD3E006BFB54 /* Build configuration list for PBXNativeTarget "SQLCipherSpeed" */;
			buildPhases = (
				1D60588D0D05DD3D006BFB54 /* Resources */,
				1D60588E0D05DD3D006BFB54 /* Sources */,
				1D60588F0D05DD3D006BFB54 /* Frameworks */,
			);
			buildRules = (
			);
			dependencies = (
				90C9AFF41326A1F400693CC5 /* PBXTargetDependency */,
			);
			name = SQLCipherSpeed;
			productName = SQLCipherSpeed;
			productReference = 1D6058910D05DD3D006BFB54 /* SQLCipherSpeed.app */;
			productType = "com.apple.product-type.application";
		};
		905CD64C130F03CB00E81E38 /* Tests */ = {
			isa = PBXNativeTarget;
			buildConfigurationList = 905CD652130F03CC00E81E38 /* Build configuration list for PBXNativeTarget "Tests" */;
			buildPhases = (
				905CD648130F03CB00E81E38 /* Resources */,
				905CD649130F03CB00E81E38 /* Sources */,
				905CD64A130F03CB00E81E38 /* Frameworks */,
				905CD64B130F03CB00E81E38 /* ShellScript */,
			);
			buildRules = (
			);
			dependencies = (
				90C9AFF61326A20200693CC5 /* PBXTargetDependency */,
			);
			name = Tests;
			productName = Tests;
			productReference = 905CD64D130F03CB00E81E38 /* Tests.octest */;
			productType = "com.apple.product-type.bundle";
		};
/* End PBXNativeTarget section */

/* Begin PBXProject section */
		29B97313FDCFA39411CA2CEA /* Project object */ = {
			isa = PBXProject;
			buildConfigurationList = C01FCF4E08A954540054247B /* Build configuration list for PBXProject "SQLCipherSpeed" */;
			compatibilityVersion = "Xcode 3.2";
			developmentRegion = English;
			hasScannedForEncodings = 1;
			knownRegions = (
				English,
				Japanese,
				French,
				German,
				en,
			);
			mainGroup = 29B97314FDCFA39411CA2CEA /* CustomTemplate */;
			projectDirPath = "";
			projectReferences = (
				{
					ProductGroup = 90C9AFE81326A1B400693CC5 /* Products */;
					ProjectRef = 90C9AFE71326A1B400693CC5 /* openssl.xcodeproj */;
				},
				{
					ProductGroup = 90B7A4B614CFC8DD008134E8 /* Products */;
					ProjectRef = 90C0F6DC0FD42676002B1F84 /* sqlcipher.xcodeproj */;
				},
			);
			projectRoot = "";
			targets = (
				1D6058900D05DD3D006BFB54 /* SQLCipherSpeed */,
				905CD64C130F03CB00E81E38 /* Tests */,
			);
		};
/* End PBXProject section */

/* Begin PBXReferenceProxy section */
		90B7A4BB14CFC8DD008134E8 /* libsqlcipher.a */ = {
			isa = PBXReferenceProxy;
			fileType = archive.ar;
			path = libsqlcipher.a;
			remoteRef = 90B7A4BA14CFC8DD008134E8 /* PBXContainerItemProxy */;
			sourceTree = BUILT_PRODUCTS_DIR;
		};
		90C9AFEF1326A1B400693CC5 /* libcrypto.a */ = {
			isa = PBXReferenceProxy;
			fileType = archive.ar;
			path = libcrypto.a;
			remoteRef = 90C9AFEE1326A1B400693CC5 /* PBXContainerItemProxy */;
			sourceTree = BUILT_PRODUCTS_DIR;
		};
/* End PBXReferenceProxy section */

/* Begin PBXResourcesBuildPhase section */
		1D60588D0D05DD3D006BFB54 /* Resources */ = {
			isa = PBXResourcesBuildPhase;
			buildActionMask = 2147483647;
			files = (
				28AD73600D9D9599002E5188 /* MainWindow.xib in Resources */,
				2899E5600DE3E45000AC0155 /* ResultViewController.xib in Resources */,
				90334C420FD16A0600155FDE /* TestResultCell.xib in Resources */,
				9032F1750FD22EEF001C16BA /* ProgressViewController.xib in Resources */,
			);
			runOnlyForDeploymentPostprocessing = 0;
		};
		905CD648130F03CB00E81E38 /* Resources */ = {
			isa = PBXResourcesBuildPhase;
			buildActionMask = 2147483647;
			files = (
			);
			runOnlyForDeploymentPostprocessing = 0;
		};
/* End PBXResourcesBuildPhase section */

/* Begin PBXShellScriptBuildPhase section */
		905CD64B130F03CB00E81E38 /* ShellScript */ = {
			isa = PBXShellScriptBuildPhase;
			buildActionMask = 2147483647;
			files = (
			);
			inputPaths = (
			);
			outputPaths = (
			);
			runOnlyForDeploymentPostprocessing = 0;
			shellPath = /bin/sh;
			shellScript = "# Run the unit tests in this test bundle.\n\"${SYSTEM_DEVELOPER_DIR}/Tools/RunUnitTests\"\n";
		};
/* End PBXShellScriptBuildPhase section */

/* Begin PBXSourcesBuildPhase section */
		1D60588E0D05DD3D006BFB54 /* Sources */ = {
			isa = PBXSourcesBuildPhase;
			buildActionMask = 2147483647;
			files = (
				1D60589B0D05DD56006BFB54 /* main.m in Sources */,
				1D3623260D0F684500981E51 /* SQLCipherSpeedAppDelegate.m in Sources */,
				28C286E10D94DF7D0034E888 /* ResultViewController.m in Sources */,
				90334B5B0FD0FC2000155FDE /* SqlTest.m in Sources */,
				90334C3F0FD1684B00155FDE /* TestResultCell.m in Sources */,
				9032F17A0FD22F95001C16BA /* ProgressViewController.m in Sources */,
				9032F2380FD2378A001C16BA /* TestDefinitions.m in Sources */,
				9032F45C0FD2DB0F001C16BA /* IteratedSqlTest.m in Sources */,
			);
			runOnlyForDeploymentPostprocessing = 0;
		};
		905CD649130F03CB00E81E38 /* Sources */ = {
			isa = PBXSourcesBuildPhase;
			buildActionMask = 2147483647;
			files = (
				905CD66F130F05CD00E81E38 /* LogicTest.m in Sources */,
			);
			runOnlyForDeploymentPostprocessing = 0;
		};
/* End PBXSourcesBuildPhase section */

/* Begin PBXTargetDependency section */
		90C9AFF41326A1F400693CC5 /* PBXTargetDependency */ = {
			isa = PBXTargetDependency;
			name = crypto;
			targetProxy = 90C9AFF31326A1F400693CC5 /* PBXContainerItemProxy */;
		};
		90C9AFF61326A20200693CC5 /* PBXTargetDependency */ = {
			isa = PBXTargetDependency;
			name = crypto;
			targetProxy = 90C9AFF51326A20200693CC5 /* PBXContainerItemProxy */;
		};
/* End PBXTargetDependency section */

/* Begin XCBuildConfiguration section */
		1D6058940D05DD3E006BFB54 /* Debug */ = {
			isa = XCBuildConfiguration;
			buildSettings = {
				ALWAYS_SEARCH_USER_PATHS = NO;
				CODE_SIGN_IDENTITY = "iPhone Developer";
				"CODE_SIGN_IDENTITY[sdk=iphoneos*]" = "iPhone Developer: Stephen Lombardo";
				COPY_PHASE_STRIP = NO;
				GCC_DYNAMIC_NO_PIC = NO;
				GCC_OPTIMIZATION_LEVEL = 0;
				GCC_PRECOMPILE_PREFIX_HEADER = YES;
				GCC_PREFIX_HEADER = SQLCipherSpeed_Prefix.pch;
				HEADER_SEARCH_PATHS = (
					"$(SQLCIPHER_SRC)/**",
					"$(OPENSSL_SRC)/**",
				);
				INFOPLIST_FILE = Info.plist;
				OTHER_CFLAGS = "";
				PRODUCT_NAME = SQLCipherSpeed;
				PROVISIONING_PROFILE = "";
			};
			name = Debug;
		};
		1D6058950D05DD3E006BFB54 /* Release */ = {
			isa = XCBuildConfiguration;
			buildSettings = {
				ALWAYS_SEARCH_USER_PATHS = NO;
				CODE_SIGN_IDENTITY = "iPhone Developer";
				COPY_PHASE_STRIP = YES;
				GCC_PRECOMPILE_PREFIX_HEADER = YES;
				GCC_PREFIX_HEADER = SQLCipherSpeed_Prefix.pch;
				HEADER_SEARCH_PATHS = (
					"$(SQLCIPHER_SRC)/**",
					"$(OPENSSL_SRC)/**",
				);
				INFOPLIST_FILE = Info.plist;
				OTHER_CFLAGS = "";
				PRODUCT_NAME = SQLCipherSpeed;
				PROVISIONING_PROFILE = "";
			};
			name = Release;
		};
		905CD650130F03CC00E81E38 /* Debug */ = {
			isa = XCBuildConfiguration;
			buildSettings = {
				ALWAYS_SEARCH_USER_PATHS = NO;
				"CODE_SIGN_IDENTITY[sdk=iphoneos*]" = "";
				COPY_PHASE_STRIP = NO;
				FRAMEWORK_SEARCH_PATHS = (
					"\"$(SDKROOT)/Developer/Library/Frameworks\"",
					"\"$(DEVELOPER_LIBRARY_DIR)/Frameworks\"",
				);
				GCC_DYNAMIC_NO_PIC = NO;
				GCC_ENABLE_FIX_AND_CONTINUE = NO;
				GCC_ENABLE_OBJC_EXCEPTIONS = YES;
				GCC_OPTIMIZATION_LEVEL = 0;
				INFOPLIST_FILE = "Tests-Info.plist";
				OTHER_CFLAGS = "-DSQLITE_HAS_CODEC";
				OTHER_LDFLAGS = (
					"-lcrypto",
					"-framework",
					Foundation,
					"-framework",
					SenTestingKit,
					"-framework",
					UIKit,
				);
				PREBINDING = NO;
				PRODUCT_NAME = Tests;
				SDKROOT = iphoneos;
				WRAPPER_EXTENSION = octest;
			};
			name = Debug;
		};
		905CD651130F03CC00E81E38 /* Release */ = {
			isa = XCBuildConfiguration;
			buildSettings = {
				ALWAYS_SEARCH_USER_PATHS = NO;
				"CODE_SIGN_IDENTITY[sdk=iphoneos*]" = "";
				COPY_PHASE_STRIP = YES;
				DEBUG_INFORMATION_FORMAT = "dwarf-with-dsym";
				FRAMEWORK_SEARCH_PATHS = (
					"\"$(SDKROOT)/Developer/Library/Frameworks\"",
					"\"$(DEVELOPER_LIBRARY_DIR)/Frameworks\"",
				);
				GCC_ENABLE_FIX_AND_CONTINUE = NO;
				GCC_ENABLE_OBJC_EXCEPTIONS = YES;
				INFOPLIST_FILE = "Tests-Info.plist";
				OTHER_CFLAGS = "-DSQLITE_HAS_CODEC";
				OTHER_LDFLAGS = (
					"-lcrypto",
					"-framework",
					Foundation,
					"-framework",
					SenTestingKit,
					"-framework",
					UIKit,
				);
				PREBINDING = NO;
				PRODUCT_NAME = Tests;
				SDKROOT = iphoneos;
				WRAPPER_EXTENSION = octest;
				ZERO_LINK = NO;
			};
			name = Release;
		};
		C01FCF4F08A954540054247B /* Debug */ = {
			isa = XCBuildConfiguration;
			buildSettings = {
				ARCHS = armv6;
				CODE_SIGN_IDENTITY = "iPhone Developer";
				"CODE_SIGN_IDENTITY[sdk=iphoneos*]" = "iPhone Developer";
				GCC_C_LANGUAGE_STANDARD = c99;
				GCC_WARN_ABOUT_RETURN_TYPE = YES;
				GCC_WARN_UNUSED_VARIABLE = YES;
				IPHONEOS_DEPLOYMENT_TARGET = 3.1.3;
				ONLY_ACTIVE_ARCH = NO;
				OTHER_CFLAGS = "";
				OTHER_LDFLAGS = "";
				PREBINDING = NO;
				SDKROOT = iphoneos;
				VALID_ARCHS = "armv7 armv6 x86_64 i386";
			};
			name = Debug;
		};
		C01FCF5008A954540054247B /* Release */ = {
			isa = XCBuildConfiguration;
			buildSettings = {
				ARCHS = (
					armv7,
					armv6,
				);
				CODE_SIGN_IDENTITY = "iPhone Developer";
				"CODE_SIGN_IDENTITY[sdk=iphoneos*]" = "iPhone Developer";
				GCC_C_LANGUAGE_STANDARD = c99;
				GCC_WARN_ABOUT_RETURN_TYPE = YES;
				GCC_WARN_UNUSED_VARIABLE = YES;
				IPHONEOS_DEPLOYMENT_TARGET = 3.1.3;
				ONLY_ACTIVE_ARCH = NO;
				OTHER_CFLAGS = "";
				OTHER_LDFLAGS = "";
				PREBINDING = NO;
				SDKROOT = iphoneos;
				VALID_ARCHS = "armv7 armv6 x86_64 i386";
			};
			name = Release;
		};
/* End XCBuildConfiguration section */

/* Begin XCConfigurationList section */
		1D6058960D05DD3E006BFB54 /* Build configuration list for PBXNativeTarget "SQLCipherSpeed" */ = {
			isa = XCConfigurationList;
			buildConfigurations = (
				1D6058940D05DD3E006BFB54 /* Debug */,
				1D6058950D05DD3E006BFB54 /* Release */,
			);
			defaultConfigurationIsVisible = 0;
			defaultConfigurationName = Release;
		};
		905CD652130F03CC00E81E38 /* Build configuration list for PBXNativeTarget "Tests" */ = {
			isa = XCConfigurationList;
			buildConfigurations = (
				905CD650130F03CC00E81E38 /* Debug */,
				905CD651130F03CC00E81E38 /* Release */,
			);
			defaultConfigurationIsVisible = 0;
			defaultConfigurationName = Release;
		};
		C01FCF4E08A954540054247B /* Build configuration list for PBXProject "SQLCipherSpeed" */ = {
			isa = XCConfigurationList;
			buildConfigurations = (
				C01FCF4F08A954540054247B /* Debug */,
				C01FCF5008A954540054247B /* Release */,
			);
			defaultConfigurationIsVisible = 0;
			defaultConfigurationName = Release;
		};
/* End XCConfigurationList section */
	};
	rootObject = 29B97313FDCFA39411CA2CEA /* Project object */;
}
